
Microsoft Visual Studio Solution File, Format Version 12.00
# Visual Studio Version 17
VisualStudioVersion = 17.9.34607.119
MinimumVisualStudioVersion = 10.0.40219.1
Project("{FAE04EC0-301F-11D3-BF4B-00C04F79EFBC}") = "WeatherApiIntegrationInAspNetCoreWebAPI", "WeatherApiIntegrationInAspNetCoreWebAPI\WeatherApiIntegrationInAspNetCoreWebAPI.csproj", "{B47BC80E-B19F-4683-B23B-C0F62CD0817F}"
EndProject
Project("{FAE04EC0-301F-11D3-BF4B-00C04F79EFBC}") = "WeatherApi.Core", "WeatherApi.Core\WeatherApi.Core.csproj", "{1CEFA6F9-6ADE-44D9-B0E3-8FE8E94B78F0}"
EndProject
Global
	GlobalSection(SolutionConfigurationPlatforms) = preSolution
		Debug|Any CPU = Debug|Any CPU
		Release|Any CPU = Release|Any CPU
	EndGlobalSection
	GlobalSection(ProjectConfigurationPlatforms) = postSolution
		{B47BC80E-B19F-4683-B23B-C0F62CD0817F}.Debug|Any CPU.ActiveCfg = Debug|Any CPU
		{B47BC80E-B19F-4683-B23B-C0F62CD0817F}.Debug|Any CPU.Build.0 = Debug|Any CPU
		{B47BC80E-B19F-4683-B23B-C0F62CD0817F}.Release|Any CPU.ActiveCfg = Release|Any CPU
		{B47BC80E-B19F-4683-B23B-C0F62CD0817F}.Release|Any CPU.Build.0 = Release|Any CPU
		{1CEFA6F9-6ADE-44D9-B0E3-8FE8E94B78F0}.Debug|Any CPU.ActiveCfg = Debug|Any CPU
		{1CEFA6F9-6ADE-44D9-B0E3-8FE8E94B78F0}.Debug|Any CPU.Build.0 = Debug|Any CPU
		{1CEFA6F9-6ADE-44D9-B0E3-8FE8E94B78F0}.Release|Any CPU.ActiveCfg = Release|Any CPU
		{1CEFA6F9-6ADE-44D9-B0E3-8FE8E94B78F0}.Release|Any CPU.Build.0 = Release|Any CPU
	EndGlobalSection
	GlobalSection(SolutionProperties) = preSolution
		HideSolutionNode = FALSE
	EndGlobalSection
	GlobalSection(ExtensibilityGlobals) = postSolution
		SolutionGuid = {1982C4FC-5174-49EC-9AC9-7B45D4553233}
	EndGlobalSection
EndGlobal
